
Microsoft Visual Studio Solution File, Format Version 12.00
# Visual Studio Version 16
VisualStudioVersion = 16.0.30001.183
MinimumVisualStudioVersion = 10.0.40219.1
Project("{9A19103F-16F7-4668-BE54-9A1E7A4F7556}") = "MultiPlayerPoker.Functions", "MultiPlayerPoker.Functions\MultiPlayerPoker.Functions.csproj", "{F4525C28-D4B3-48E7-9725-774B273B31A3}"
EndProject
Project("{9A19103F-16F7-4668-BE54-9A1E7A4F7556}") = "MultiPlayerPoker.Cards", "MultiPlayerPoker.Cards\MultiPlayerPoker.Cards.csproj", "{DF361B42-A099-4A00-B7C1-661A7C741409}"
EndProject
Project("{9A19103F-16F7-4668-BE54-9A1E7A4F7556}") = "MultiPlayerPoker.Cards.Test", "MultiPlayerPoker.Cards.Test\MultiPlayerPoker.Cards.Test.csproj", "{ED3D284E-DF34-43C1-B79D-A8F9BCA64EF2}"
EndProject
Project("{FAE04EC0-301F-11D3-BF4B-00C04F79EFBC}") = "MultiPlayerPoker.Cards.DeckView", "MultiPlayerPoker.Cards.DeckView\MultiPlayerPoker.Cards.DeckView.csproj", "{2ECBA702-1814-46CE-9589-53E51D296540}"
EndProject
Global
	GlobalSection(SolutionConfigurationPlatforms) = preSolution
		Debug|Any CPU = Debug|Any CPU
		Release|Any CPU = Release|Any CPU
	EndGlobalSection
	GlobalSection(ProjectConfigurationPlatforms) = postSolution
		{F4525C28-D4B3-48E7-9725-774B273B31A3}.Debug|Any CPU.ActiveCfg = Debug|Any CPU
		{F4525C28-D4B3-48E7-9725-774B273B31A3}.Debug|Any CPU.Build.0 = Debug|Any CPU
		{F4525C28-D4B3-48E7-9725-774B273B31A3}.Release|Any CPU.ActiveCfg = Release|Any CPU
		{F4525C28-D4B3-48E7-9725-774B273B31A3}.Release|Any CPU.Build.0 = Release|Any CPU
		{DF361B42-A099-4A00-B7C1-661A7C741409}.Debug|Any CPU.ActiveCfg = Debug|Any CPU
		{DF361B42-A099-4A00-B7C1-661A7C741409}.Debug|Any CPU.Build.0 = Debug|Any CPU
		{DF361B42-A099-4A00-B7C1-661A7C741409}.Release|Any CPU.ActiveCfg = Release|Any CPU
		{DF361B42-A099-4A00-B7C1-661A7C741409}.Release|Any CPU.Build.0 = Release|Any CPU
		{ED3D284E-DF34-43C1-B79D-A8F9BCA64EF2}.Debug|Any CPU.ActiveCfg = Debug|Any CPU
		{ED3D284E-DF34-43C1-B79D-A8F9BCA64EF2}.Debug|Any CPU.Build.0 = Debug|Any CPU
		{ED3D284E-DF34-43C1-B79D-A8F9BCA64EF2}.Release|Any CPU.ActiveCfg = Release|Any CPU
		{ED3D284E-DF34-43C1-B79D-A8F9BCA64EF2}.Release|Any CPU.Build.0 = Release|Any CPU
		{2ECBA702-1814-46CE-9589-53E51D296540}.Debug|Any CPU.ActiveCfg = Debug|Any CPU
		{2ECBA702-1814-46CE-9589-53E51D296540}.Debug|Any CPU.Build.0 = Debug|Any CPU
		{2ECBA702-1814-46CE-9589-53E51D296540}.Release|Any CPU.ActiveCfg = Release|Any CPU
		{2ECBA702-1814-46CE-9589-53E51D296540}.Release|Any CPU.Build.0 = Release|Any CPU
	EndGlobalSection
	GlobalSection(SolutionProperties) = preSolution
		HideSolutionNode = FALSE
	EndGlobalSection
	GlobalSection(ExtensibilityGlobals) = postSolution
		SolutionGuid = {C18F4336-64DC-4E11-9CF7-FD45ECC7064B}
	EndGlobalSection
EndGlobal
